
Microsoft Visual Studio Solution File, Format Version 12.00
# Visual Studio Version 17
VisualStudioVersion = 17.7.34024.191
MinimumVisualStudioVersion = 10.0.40219.1
Project("{9A19103F-16F7-4668-BE54-9A1E7A4F7556}") = "WorkWebAPI", "WorkWebAPI.csproj", "{A41DCFD6-71C4-46A8-BB8A-7D034C17A7C1}"
EndProject
Global
	GlobalSection(SolutionConfigurationPlatforms) = preSolution
		Debug|Any CPU = Debug|Any CPU
		Release|Any CPU = Release|Any CPU
	EndGlobalSection
	GlobalSection(ProjectConfigurationPlatforms) = postSolution
		{A41DCFD6-71C4-46A8-BB8A-7D034C17A7C1}.Debug|Any CPU.ActiveCfg = Debug|Any CPU
		{A41DCFD6-71C4-46A8-BB8A-7D034C17A7C1}.Debug|Any CPU.Build.0 = Debug|Any CPU
		{A41DCFD6-71C4-46A8-BB8A-7D034C17A7C1}.Release|Any CPU.ActiveCfg = Release|Any CPU
		{A41DCFD6-71C4-46A8-BB8A-7D034C17A7C1}.Release|Any CPU.Build.0 = Release|Any CPU
	EndGlobalSection
	GlobalSection(SolutionProperties) = preSolution
		HideSolutionNode = FALSE
	EndGlobalSection
	GlobalSection(ExtensibilityGlobals) = postSolution
		SolutionGuid = {9D1CDEF3-F056-4C9F-AA26-7C53B8DB8D8D}
	EndGlobalSection
EndGlobal
